
Microsoft Visual Studio Solution File, Format Version 12.00
# Visual Studio Version 18
VisualStudioVersion = 18.2.11415.280
MinimumVisualStudioVersion = 10.0.40219.1
Project("{FAE04EC0-301F-11D3-BF4B-00C04F79EFBC}") = "GridStack.Blazor", "GridStack.Blazor\GridStack.Blazor.csproj", "{EE47F902-692A-4FC4-89A2-F76A2EE60069}"
EndProject
Project("{2150E333-8FDC-42A3-9474-1A3956D46DE8}") = "_Files", "_Files", "{1A376D21-335E-4D44-9CD8-4E584BB61359}"
	ProjectSection(SolutionItems) = preProject
		.gitignore = .gitignore
		global.json = global.json
		LICENSE = LICENSE
		pack.sh = pack.sh
		README.md = README.md
		Directory.Build.props = Directory.Build.props
	EndProjectSection
EndProject
Project("{FAE04EC0-301F-11D3-BF4B-00C04F79EFBC}") = "GridStack.Blazor.Demo.Client", "GridStack.Blazor.Demo\GridStack.Blazor.Demo.Client\GridStack.Blazor.Demo.Client.csproj", "{C64B29E4-C470-41F5-8F2F-3CFC50CB7F6A}"
EndProject
Project("{FAE04EC0-301F-11D3-BF4B-00C04F79EFBC}") = "GridStack.Blazor.Demo.Server", "GridStack.Blazor.Demo\GridStack.Blazor.Demo.Server\GridStack.Blazor.Demo.Server.csproj", "{2AED78BC-2E31-4EBC-992F-0050E3272401}"
EndProject
Project("{2150E333-8FDC-42A3-9474-1A3956D46DE8}") = "_Demo", "_Demo", "{451ECD84-2A83-4878-9B69-E9E98149082A}"
EndProject
Project("{FAE04EC0-301F-11D3-BF4B-00C04F79EFBC}") = "GridStack.Blazor.Demo", "GridStack.Blazor.Demo\GridStack.Blazor.Demo\GridStack.Blazor.Demo.csproj", "{BC144206-A1A0-4E65-A1CE-03787DAB7314}"
EndProject
Global
	GlobalSection(SolutionConfigurationPlatforms) = preSolution
		Debug|Any CPU = Debug|Any CPU
		Release|Any CPU = Release|Any CPU
	EndGlobalSection
	GlobalSection(ProjectConfigurationPlatforms) = postSolution
		{EE47F902-692A-4FC4-89A2-F76A2EE60069}.Debug|Any CPU.ActiveCfg = Debug|Any CPU
		{EE47F902-692A-4FC4-89A2-F76A2EE60069}.Debug|Any CPU.Build.0 = Debug|Any CPU
		{EE47F902-692A-4FC4-89A2-F76A2EE60069}.Release|Any CPU.ActiveCfg = Release|Any CPU
		{EE47F902-692A-4FC4-89A2-F76A2EE60069}.Release|Any CPU.Build.0 = Release|Any CPU
		{C64B29E4-C470-41F5-8F2F-3CFC50CB7F6A}.Debug|Any CPU.ActiveCfg = Debug|Any CPU
		{C64B29E4-C470-41F5-8F2F-3CFC50CB7F6A}.Debug|Any CPU.Build.0 = Debug|Any CPU
		{C64B29E4-C470-41F5-8F2F-3CFC50CB7F6A}.Release|Any CPU.ActiveCfg = Release|Any CPU
		{C64B29E4-C470-41F5-8F2F-3CFC50CB7F6A}.Release|Any CPU.Build.0 = Release|Any CPU
		{2AED78BC-2E31-4EBC-992F-0050E3272401}.Debug|Any CPU.ActiveCfg = Debug|Any CPU
		{2AED78BC-2E31-4EBC-992F-0050E3272401}.Debug|Any CPU.Build.0 = Debug|Any CPU
		{2AED78BC-2E31-4EBC-992F-0050E3272401}.Release|Any CPU.ActiveCfg = Release|Any CPU
		{2AED78BC-2E31-4EBC-992F-0050E3272401}.Release|Any CPU.Build.0 = Release|Any CPU
		{BC144206-A1A0-4E65-A1CE-03787DAB7314}.Debug|Any CPU.ActiveCfg = Debug|Any CPU
		{BC144206-A1A0-4E65-A1CE-03787DAB7314}.Debug|Any CPU.Build.0 = Debug|Any CPU
		{BC144206-A1A0-4E65-A1CE-03787DAB7314}.Release|Any CPU.ActiveCfg = Release|Any CPU
		{BC144206-A1A0-4E65-A1CE-03787DAB7314}.Release|Any CPU.Build.0 = Release|Any CPU
	EndGlobalSection
	GlobalSection(SolutionProperties) = preSolution
		HideSolutionNode = FALSE
	EndGlobalSection
	GlobalSection(ExtensibilityGlobals) = postSolution
		SolutionGuid = {1D9AC0C4-A79E-4162-B7C8-82C609AAE9B4}
	EndGlobalSection
	GlobalSection(NestedProjects) = preSolution
		{C64B29E4-C470-41F5-8F2F-3CFC50CB7F6A} = {451ECD84-2A83-4878-9B69-E9E98149082A}
		{2AED78BC-2E31-4EBC-992F-0050E3272401} = {451ECD84-2A83-4878-9B69-E9E98149082A}
		{BC144206-A1A0-4E65-A1CE-03787DAB7314} = {451ECD84-2A83-4878-9B69-E9E98149082A}
	EndGlobalSection
EndGlobal
